
Microsoft Visual Studio Solution File, Format Version 12.00
# Visual Studio Version 17
VisualStudioVersion = 17.2.32616.157
MinimumVisualStudioVersion = 10.0.40219.1
Project("{FAE04EC0-301F-11D3-BF4B-00C04F79EFBC}") = "WebApi", "WebApi\WebApi.csproj", "{AE59FD24-ADE1-436D-8178-611EDB8D069B}"
EndProject
Global
	GlobalSection(SolutionConfigurationPlatforms) = preSolution
		Debug|Any CPU = Debug|Any CPU
		Release|Any CPU = Release|Any CPU
	EndGlobalSection
	GlobalSection(ProjectConfigurationPlatforms) = postSolution
		{AE59FD24-ADE1-436D-8178-611EDB8D069B}.Debug|Any CPU.ActiveCfg = Debug|Any CPU
		{AE59FD24-ADE1-436D-8178-611EDB8D069B}.Debug|Any CPU.Build.0 = Debug|Any CPU
		{AE59FD24-ADE1-436D-8178-611EDB8D069B}.Release|Any CPU.ActiveCfg = Release|Any CPU
		{AE59FD24-ADE1-436D-8178-611EDB8D069B}.Release|Any CPU.Build.0 = Release|Any CPU
	EndGlobalSection
	GlobalSection(SolutionProperties) = preSolution
		HideSolutionNode = FALSE
	EndGlobalSection
	GlobalSection(ExtensibilityGlobals) = postSolution
		SolutionGuid = {25ACBE6B-07C3-4B24-8EF0-CD871D2415B0}
	EndGlobalSection
EndGlobal
